
Microsoft Visual Studio Solution File, Format Version 12.00
# Visual Studio Version 17
VisualStudioVersion = 17.8.34330.188
MinimumVisualStudioVersion = 10.0.40219.1
Project("{FAE04EC0-301F-11D3-BF4B-00C04F79EFBC}") = "ws4kp", "ws4kp.csproj", "{6B17FCB5-C75C-43B2-A161-1679FB1B5AB3}"
EndProject
Global
	GlobalSection(SolutionConfigurationPlatforms) = preSolution
		Debug|Any CPU = Debug|Any CPU
		Release|Any CPU = Release|Any CPU
	EndGlobalSection
	GlobalSection(ProjectConfigurationPlatforms) = postSolution
		{6B17FCB5-C75C-43B2-A161-1679FB1B5AB3}.Debug|Any CPU.ActiveCfg = Debug|Any CPU
		{6B17FCB5-C75C-43B2-A161-1679FB1B5AB3}.Debug|Any CPU.Build.0 = Debug|Any CPU
		{6B17FCB5-C75C-43B2-A161-1679FB1B5AB3}.Release|Any CPU.ActiveCfg = Release|Any CPU
		{6B17FCB5-C75C-43B2-A161-1679FB1B5AB3}.Release|Any CPU.Build.0 = Release|Any CPU
	EndGlobalSection
	GlobalSection(SolutionProperties) = preSolution
		HideSolutionNode = FALSE
	EndGlobalSection
	GlobalSection(ExtensibilityGlobals) = postSolution
		SolutionGuid = {5E1770B1-8276-4DED-BA0F-CBC52ABE1648}
	EndGlobalSection
EndGlobal
